
Microsoft Visual Studio Solution File, Format Version 12.00
Project("{2150E333-8FDC-42A3-9474-1A3956D46DE8}") = "Shared", "Shared", "{C3F07366-BF9D-4CAF-95BD-B39B4C6DCE02}"
EndProject
Project("{FAE04EC0-301F-11D3-BF4B-00C04F79EFBC}") = "EFCoreMigrator", "EFCoreMigrator\EFCoreMigrator.csproj", "{B3BAEA84-E84F-49D4-AA1D-FD00FBEA3693}"
EndProject
Global
	GlobalSection(SolutionConfigurationPlatforms) = preSolution
		Debug|Any CPU = Debug|Any CPU
		Release|Any CPU = Release|Any CPU
	EndGlobalSection
	GlobalSection(ProjectConfigurationPlatforms) = postSolution
		{B3BAEA84-E84F-49D4-AA1D-FD00FBEA3693}.Debug|Any CPU.ActiveCfg = Debug|Any CPU
		{B3BAEA84-E84F-49D4-AA1D-FD00FBEA3693}.Debug|Any CPU.Build.0 = Debug|Any CPU
		{B3BAEA84-E84F-49D4-AA1D-FD00FBEA3693}.Release|Any CPU.ActiveCfg = Release|Any CPU
		{B3BAEA84-E84F-49D4-AA1D-FD00FBEA3693}.Release|Any CPU.Build.0 = Release|Any CPU
	EndGlobalSection
EndGlobal
